
Microsoft Visual Studio Solution File, Format Version 12.00
# Visual Studio Version 16
VisualStudioVersion = 16.0.31729.503
MinimumVisualStudioVersion = 10.0.40219.1
Project("{8BC9CEB8-8B4A-11D0-8D11-00A0C91BC942}") = "Uwypuklajacy", "Uwypuklajacy.vcxproj", "{6D04B52E-616A-48AD-8400-84D9CA1155BD}"
	ProjectSection(ProjectDependencies) = postProject
		{CA737FBC-65C8-46C3-8496-F84E5FAB4CB2} = {CA737FBC-65C8-46C3-8496-F84E5FAB4CB2}
		{DD70C5BD-3655-4A90-8279-AF870FA8EE78} = {DD70C5BD-3655-4A90-8279-AF870FA8EE78}
	EndProjectSection
EndProject
Project("{8BC9CEB8-8B4A-11D0-8D11-00A0C91BC942}") = "FiltrAsm", "FiltrAsm\FiltrAsm.vcxproj", "{CA737FBC-65C8-46C3-8496-F84E5FAB4CB2}"
EndProject
Project("{8BC9CEB8-8B4A-11D0-8D11-00A0C91BC942}") = "Filtr", "Filtr\Filtr.vcxproj", "{DD70C5BD-3655-4A90-8279-AF870FA8EE78}"
EndProject
Global
	GlobalSection(SolutionConfigurationPlatforms) = preSolution
		Debug|x64 = Debug|x64
		Debug|x86 = Debug|x86
		Release|x64 = Release|x64
		Release|x86 = Release|x86
	EndGlobalSection
	GlobalSection(ProjectConfigurationPlatforms) = postSolution
		{6D04B52E-616A-48AD-8400-84D9CA1155BD}.Debug|x64.ActiveCfg = Debug|x64
		{6D04B52E-616A-48AD-8400-84D9CA1155BD}.Debug|x64.Build.0 = Debug|x64
		{6D04B52E-616A-48AD-8400-84D9CA1155BD}.Debug|x86.ActiveCfg = Debug|Win32
		{6D04B52E-616A-48AD-8400-84D9CA1155BD}.Debug|x86.Build.0 = Debug|Win32
		{6D04B52E-616A-48AD-8400-84D9CA1155BD}.Release|x64.ActiveCfg = Release|x64
		{6D04B52E-616A-48AD-8400-84D9CA1155BD}.Release|x64.Build.0 = Release|x64
		{6D04B52E-616A-48AD-8400-84D9CA1155BD}.Release|x86.ActiveCfg = Release|Win32
		{6D04B52E-616A-48AD-8400-84D9CA1155BD}.Release|x86.Build.0 = Release|Win32
		{CA737FBC-65C8-46C3-8496-F84E5FAB4CB2}.Debug|x64.ActiveCfg = Debug|x64
		{CA737FBC-65C8-46C3-8496-F84E5FAB4CB2}.Debug|x64.Build.0 = Debug|x64
		{CA737FBC-65C8-46C3-8496-F84E5FAB4CB2}.Debug|x86.ActiveCfg = Debug|Win32
		{CA737FBC-65C8-46C3-8496-F84E5FAB4CB2}.Debug|x86.Build.0 = Debug|Win32
		{CA737FBC-65C8-46C3-8496-F84E5FAB4CB2}.Release|x64.ActiveCfg = Release|x64
		{CA737FBC-65C8-46C3-8496-F84E5FAB4CB2}.Release|x64.Build.0 = Release|x64
		{CA737FBC-65C8-46C3-8496-F84E5FAB4CB2}.Release|x86.ActiveCfg = Release|Win32
		{CA737FBC-65C8-46C3-8496-F84E5FAB4CB2}.Release|x86.Build.0 = Release|Win32
		{DD70C5BD-3655-4A90-8279-AF870FA8EE78}.Debug|x64.ActiveCfg = Debug|x64
		{DD70C5BD-3655-4A90-8279-AF870FA8EE78}.Debug|x64.Build.0 = Debug|x64
		{DD70C5BD-3655-4A90-8279-AF870FA8EE78}.Debug|x86.ActiveCfg = Debug|Win32
		{DD70C5BD-3655-4A90-8279-AF870FA8EE78}.Debug|x86.Build.0 = Debug|Win32
		{DD70C5BD-3655-4A90-8279-AF870FA8EE78}.Release|x64.ActiveCfg = Release|x64
		{DD70C5BD-3655-4A90-8279-AF870FA8EE78}.Release|x64.Build.0 = Release|x64
		{DD70C5BD-3655-4A90-8279-AF870FA8EE78}.Release|x86.ActiveCfg = Release|Win32
		{DD70C5BD-3655-4A90-8279-AF870FA8EE78}.Release|x86.Build.0 = Release|Win32
	EndGlobalSection
	GlobalSection(SolutionProperties) = preSolution
		HideSolutionNode = FALSE
	EndGlobalSection
	GlobalSection(ExtensibilityGlobals) = postSolution
		SolutionGuid = {1386C5D6-5539-451A-86F8-683AAB524D16}
	EndGlobalSection
EndGlobal
